
Microsoft Visual Studio Solution File, Format Version 12.00
# Visual Studio 15
VisualStudioVersion = 15.0.27428.2005
MinimumVisualStudioVersion = 10.0.40219.1
Project("{9A19103F-16F7-4668-BE54-9A1E7A4F7556}") = "DiscoverSlopes", "DiscoverSlopes\DiscoverSlopes.csproj", "{7DA8A347-CF85-44C1-9AE8-F5E3A130A6AA}"
EndProject
Project("{FAE04EC0-301F-11D3-BF4B-00C04F79EFBC}") = "DiscoverSlopes.Data", "DiscoverSlopes.Data\DiscoverSlopes.Data.csproj", "{B88D15A3-C6D1-4F7E-A3BC-3068DC95FFB9}"
EndProject
Project("{FAE04EC0-301F-11D3-BF4B-00C04F79EFBC}") = "DiscoverSlopes.Domain", "DiscoverSlopes.Domain\DiscoverSlopes.Domain.csproj", "{DB17A1BB-93C0-43CD-A16A-695DF1E71B98}"
EndProject
Global
	GlobalSection(SolutionConfigurationPlatforms) = preSolution
		Debug|Any CPU = Debug|Any CPU
		Release|Any CPU = Release|Any CPU
	EndGlobalSection
	GlobalSection(ProjectConfigurationPlatforms) = postSolution
		{7DA8A347-CF85-44C1-9AE8-F5E3A130A6AA}.Debug|Any CPU.ActiveCfg = Debug|Any CPU
		{7DA8A347-CF85-44C1-9AE8-F5E3A130A6AA}.Debug|Any CPU.Build.0 = Debug|Any CPU
		{7DA8A347-CF85-44C1-9AE8-F5E3A130A6AA}.Release|Any CPU.ActiveCfg = Release|Any CPU
		{7DA8A347-CF85-44C1-9AE8-F5E3A130A6AA}.Release|Any CPU.Build.0 = Release|Any CPU
		{B88D15A3-C6D1-4F7E-A3BC-3068DC95FFB9}.Debug|Any CPU.ActiveCfg = Debug|Any CPU
		{B88D15A3-C6D1-4F7E-A3BC-3068DC95FFB9}.Debug|Any CPU.Build.0 = Debug|Any CPU
		{B88D15A3-C6D1-4F7E-A3BC-3068DC95FFB9}.Release|Any CPU.ActiveCfg = Release|Any CPU
		{B88D15A3-C6D1-4F7E-A3BC-3068DC95FFB9}.Release|Any CPU.Build.0 = Release|Any CPU
		{DB17A1BB-93C0-43CD-A16A-695DF1E71B98}.Debug|Any CPU.ActiveCfg = Debug|Any CPU
		{DB17A1BB-93C0-43CD-A16A-695DF1E71B98}.Debug|Any CPU.Build.0 = Debug|Any CPU
		{DB17A1BB-93C0-43CD-A16A-695DF1E71B98}.Release|Any CPU.ActiveCfg = Release|Any CPU
		{DB17A1BB-93C0-43CD-A16A-695DF1E71B98}.Release|Any CPU.Build.0 = Release|Any CPU
	EndGlobalSection
	GlobalSection(SolutionProperties) = preSolution
		HideSolutionNode = FALSE
	EndGlobalSection
	GlobalSection(ExtensibilityGlobals) = postSolution
		SolutionGuid = {22522118-3EA7-4988-AA84-6620465AB6B6}
	EndGlobalSection
EndGlobal
